{
    "version": 3,
    "terraform_version": "0.11.11",
    "serial": 6,
    "lineage": "6ed64cc4-989c-88ed-4144-4932b517f643",
    "modules": [
        {
            "path": [
                "root"
            ],
            "outputs": {
                "app_external_ip": {
                    "sensitive": false,
                    "type": "string",
                    "value": "35.246.4.93"
                }
            },
            "resources": {},
            "depends_on": []
        },
        {
            "path": [
                "root",
                "app"
            ],
            "outputs": {
                "app_external_ip": {
                    "sensitive": false,
                    "type": "string",
                    "value": "35.246.4.93"
                }
            },
            "resources": {
                "google_compute_address.app_ip": {
                    "type": "google_compute_address",
                    "depends_on": [],
                    "primary": {
                        "id": "infra-237719/europe-west2/reddit-app-ip",
                        "attributes": {
                            "address": "35.246.4.93",
                            "address_type": "EXTERNAL",
                            "creation_timestamp": "2019-06-18T11:53:57.042-07:00",
                            "description": "",
                            "id": "infra-237719/europe-west2/reddit-app-ip",
                            "name": "reddit-app-ip",
                            "network_tier": "PREMIUM",
                            "project": "infra-237719",
                            "region": "europe-west2",
                            "self_link": "https://www.googleapis.com/compute/v1/projects/infra-237719/regions/europe-west2/addresses/reddit-app-ip",
                            "subnetwork": "",
                            "users.#": "0"
                        },
                        "meta": {
                            "e2bfb730-ecaa-11e6-8f88-34363bc7c4c0": {
                                "create": 240000000000,
                                "delete": 240000000000
                            }
                        },
                        "tainted": false
                    },
                    "deposed": [],
                    "provider": "provider.google"
                },
                "google_compute_instance.app": {
                    "type": "google_compute_instance",
                    "depends_on": [
                        "google_compute_address.app_ip"
                    ],
                    "primary": {
                        "id": "reddit-app",
                        "attributes": {
                            "attached_disk.#": "0",
                            "boot_disk.#": "1",
                            "boot_disk.0.auto_delete": "true",
                            "boot_disk.0.device_name": "persistent-disk-0",
                            "boot_disk.0.disk_encryption_key_raw": "",
                            "boot_disk.0.disk_encryption_key_sha256": "",
                            "boot_disk.0.initialize_params.#": "1",
                            "boot_disk.0.initialize_params.0.image": "https://www.googleapis.com/compute/v1/projects/ubuntu-os-cloud/global/images/ubuntu-1604-xenial-v20190617",
                            "boot_disk.0.initialize_params.0.size": "10",
                            "boot_disk.0.initialize_params.0.type": "pd-standard",
                            "boot_disk.0.source": "https://www.googleapis.com/compute/v1/projects/infra-237719/zones/europe-west2-b/disks/reddit-app",
                            "can_ip_forward": "false",
                            "cpu_platform": "Intel Broadwell",
                            "deletion_protection": "false",
                            "guest_accelerator.#": "0",
                            "hostname": "",
                            "id": "reddit-app",
                            "instance_id": "1979516245290290596",
                            "label_fingerprint": "42WmSpB8rSM=",
                            "labels.%": "0",
                            "machine_type": "g1-small",
                            "metadata.%": "1",
                            "metadata.ssh-keys": "appuser:ssh-rsa AAAAB3NzaC1yc2EAAAADAQABAAABAQDmsvWYHYKPoSFADdbgIEjfG3kgW3vJvZPHNC6Px/U4p+9XYCLQk218RPZl/9UybLu/MUARAQ5iigyOLCIiLl76u+1PQCOoE7uEAcaIo7YdNWt/zKJ1HcQVhUe46JUgH6BcPcAICgDNJMr5hDsv3Wsr5bPc4Lr3wlE3tfuG2lQyvB2ajcJFjUOXMuiUNyb/ubyKGASR3waH2raaFC2+R48yA4Xo/c7PF1hUsuUthcQUegRmcNmqDsVJ6s/khOR+TpmizBItJkKCLaOSVHAhgUQfuUcbMznKqhPNEnZKQyFmNWbpTQJ34PwXHrMhVGVzN/6eTGilltteIQdgdC0x7vk3 appuser@kvaga-VirtualBox\nssh-rsa AAAAB3NzaC1yc2EAAAADAQABAAABAQDmsvWYHYKPoSFADdbgIEjfG3kgW3vJvZPHNC6Px/U4p+9XYCLQk218RPZl/9UybLu/MUARAQ5iigyOLCIiLl76u+1PQCOoE7uEAcaIo7YdNWt/zKJ1HcQVhUe46JUgH6BcPcAICgDNJMr5hDsv3Wsr5bPc4Lr3wlE3tfuG2lQyvB2ajcJFjUOXMuiUNyb/ubyKGASR3waH2raaFC2+R48yA4Xo/c7PF1hUsuUthcQUegRmcNmqDsVJ6s/khOR+TpmizBItJkKCLaOSVHAhgUQfuUcbMznKqhPNEnZKQyFmNWbpTQJ34PwXHrMhVGVzN/6eTGilltteIQdgdC0x7vk3 appuser1@kvaga-VirtualBox\n\n",
                            "metadata_fingerprint": "X-jryqX4lzU=",
                            "metadata_startup_script": "",
                            "min_cpu_platform": "",
                            "name": "reddit-app",
                            "network_interface.#": "1",
                            "network_interface.0.access_config.#": "1",
                            "network_interface.0.access_config.0.assigned_nat_ip": "",
                            "network_interface.0.access_config.0.nat_ip": "35.246.4.93",
                            "network_interface.0.access_config.0.network_tier": "PREMIUM",
                            "network_interface.0.access_config.0.public_ptr_domain_name": "",
                            "network_interface.0.address": "",
                            "network_interface.0.alias_ip_range.#": "0",
                            "network_interface.0.name": "nic0",
                            "network_interface.0.network": "https://www.googleapis.com/compute/v1/projects/infra-237719/global/networks/default",
                            "network_interface.0.network_ip": "10.154.0.12",
                            "network_interface.0.subnetwork": "https://www.googleapis.com/compute/v1/projects/infra-237719/regions/europe-west2/subnetworks/default",
                            "network_interface.0.subnetwork_project": "infra-237719",
                            "project": "infra-237719",
                            "scheduling.#": "1",
                            "scheduling.0.automatic_restart": "true",
                            "scheduling.0.on_host_maintenance": "MIGRATE",
                            "scheduling.0.preemptible": "false",
                            "scratch_disk.#": "0",
                            "self_link": "https://www.googleapis.com/compute/v1/projects/infra-237719/zones/europe-west2-b/instances/reddit-app",
                            "service_account.#": "0",
                            "tags.#": "1",
                            "tags.1799682348": "reddit-app",
                            "tags_fingerprint": "M-ggixIz-AU=",
                            "zone": "europe-west2-b"
                        },
                        "meta": {
                            "e2bfb730-ecaa-11e6-8f88-34363bc7c4c0": {
                                "create": 360000000000,
                                "delete": 360000000000,
                                "update": 360000000000
                            },
                            "schema_version": "6"
                        },
                        "tainted": false
                    },
                    "deposed": [],
                    "provider": "provider.google"
                }
            },
            "depends_on": []
        },
        {
            "path": [
                "root",
                "db"
            ],
            "outputs": {
                "db_external_ip": {
                    "sensitive": false,
                    "type": "string",
                    "value": "35.246.5.237"
                }
            },
            "resources": {
                "google_compute_instance.db": {
                    "type": "google_compute_instance",
                    "depends_on": [],
                    "primary": {
                        "id": "reddit-db",
                        "attributes": {
                            "attached_disk.#": "0",
                            "boot_disk.#": "1",
                            "boot_disk.0.auto_delete": "true",
                            "boot_disk.0.device_name": "persistent-disk-0",
                            "boot_disk.0.disk_encryption_key_raw": "",
                            "boot_disk.0.disk_encryption_key_sha256": "",
                            "boot_disk.0.initialize_params.#": "1",
                            "boot_disk.0.initialize_params.0.image": "https://www.googleapis.com/compute/v1/projects/ubuntu-os-cloud/global/images/ubuntu-1604-xenial-v20190617",
                            "boot_disk.0.initialize_params.0.size": "10",
                            "boot_disk.0.initialize_params.0.type": "pd-standard",
                            "boot_disk.0.source": "https://www.googleapis.com/compute/v1/projects/infra-237719/zones/europe-west2-b/disks/reddit-db",
                            "can_ip_forward": "false",
                            "cpu_platform": "Intel Broadwell",
                            "deletion_protection": "false",
                            "guest_accelerator.#": "0",
                            "hostname": "",
                            "id": "reddit-db",
                            "instance_id": "4815126900481756585",
                            "label_fingerprint": "42WmSpB8rSM=",
                            "labels.%": "0",
                            "machine_type": "g1-small",
                            "metadata.%": "1",
                            "metadata.ssh-keys": "appuser:ssh-rsa AAAAB3NzaC1yc2EAAAADAQABAAABAQDmsvWYHYKPoSFADdbgIEjfG3kgW3vJvZPHNC6Px/U4p+9XYCLQk218RPZl/9UybLu/MUARAQ5iigyOLCIiLl76u+1PQCOoE7uEAcaIo7YdNWt/zKJ1HcQVhUe46JUgH6BcPcAICgDNJMr5hDsv3Wsr5bPc4Lr3wlE3tfuG2lQyvB2ajcJFjUOXMuiUNyb/ubyKGASR3waH2raaFC2+R48yA4Xo/c7PF1hUsuUthcQUegRmcNmqDsVJ6s/khOR+TpmizBItJkKCLaOSVHAhgUQfuUcbMznKqhPNEnZKQyFmNWbpTQJ34PwXHrMhVGVzN/6eTGilltteIQdgdC0x7vk3 appuser@kvaga-VirtualBox\nssh-rsa AAAAB3NzaC1yc2EAAAADAQABAAABAQDmsvWYHYKPoSFADdbgIEjfG3kgW3vJvZPHNC6Px/U4p+9XYCLQk218RPZl/9UybLu/MUARAQ5iigyOLCIiLl76u+1PQCOoE7uEAcaIo7YdNWt/zKJ1HcQVhUe46JUgH6BcPcAICgDNJMr5hDsv3Wsr5bPc4Lr3wlE3tfuG2lQyvB2ajcJFjUOXMuiUNyb/ubyKGASR3waH2raaFC2+R48yA4Xo/c7PF1hUsuUthcQUegRmcNmqDsVJ6s/khOR+TpmizBItJkKCLaOSVHAhgUQfuUcbMznKqhPNEnZKQyFmNWbpTQJ34PwXHrMhVGVzN/6eTGilltteIQdgdC0x7vk3 appuser1@kvaga-VirtualBox\n\n",
                            "metadata_fingerprint": "X-jryqX4lzU=",
                            "metadata_startup_script": "",
                            "min_cpu_platform": "",
                            "name": "reddit-db",
                            "network_interface.#": "1",
                            "network_interface.0.access_config.#": "1",
                            "network_interface.0.access_config.0.assigned_nat_ip": "",
                            "network_interface.0.access_config.0.nat_ip": "35.246.5.237",
                            "network_interface.0.access_config.0.network_tier": "PREMIUM",
                            "network_interface.0.access_config.0.public_ptr_domain_name": "",
                            "network_interface.0.address": "",
                            "network_interface.0.alias_ip_range.#": "0",
                            "network_interface.0.name": "nic0",
                            "network_interface.0.network": "https://www.googleapis.com/compute/v1/projects/infra-237719/global/networks/default",
                            "network_interface.0.network_ip": "10.154.0.11",
                            "network_interface.0.subnetwork": "https://www.googleapis.com/compute/v1/projects/infra-237719/regions/europe-west2/subnetworks/default",
                            "network_interface.0.subnetwork_project": "infra-237719",
                            "project": "infra-237719",
                            "scheduling.#": "1",
                            "scheduling.0.automatic_restart": "true",
                            "scheduling.0.on_host_maintenance": "MIGRATE",
                            "scheduling.0.preemptible": "false",
                            "scratch_disk.#": "0",
                            "self_link": "https://www.googleapis.com/compute/v1/projects/infra-237719/zones/europe-west2-b/instances/reddit-db",
                            "service_account.#": "0",
                            "tags.#": "1",
                            "tags.2920033547": "reddit-db",
                            "tags_fingerprint": "NQyRUqL7UTU=",
                            "zone": "europe-west2-b"
                        },
                        "meta": {
                            "e2bfb730-ecaa-11e6-8f88-34363bc7c4c0": {
                                "create": 360000000000,
                                "delete": 360000000000,
                                "update": 360000000000
                            },
                            "schema_version": "6"
                        },
                        "tainted": false
                    },
                    "deposed": [],
                    "provider": "provider.google"
                }
            },
            "depends_on": []
        },
        {
            "path": [
                "root",
                "vpc"
            ],
            "outputs": {},
            "resources": {
                "google_compute_firewall.firewall_mongo": {
                    "type": "google_compute_firewall",
                    "depends_on": [],
                    "primary": {
                        "id": "allow-mongo-default",
                        "attributes": {
                            "allow.#": "1",
                            "allow.555053134.ports.#": "1",
                            "allow.555053134.ports.0": "27017",
                            "allow.555053134.protocol": "tcp",
                            "creation_timestamp": "2019-06-18T11:53:57.230-07:00",
                            "deny.#": "0",
                            "description": "",
                            "destination_ranges.#": "0",
                            "direction": "INGRESS",
                            "disabled": "false",
                            "id": "allow-mongo-default",
                            "name": "allow-mongo-default",
                            "network": "https://www.googleapis.com/compute/v1/projects/infra-237719/global/networks/default",
                            "priority": "1000",
                            "project": "infra-237719",
                            "self_link": "https://www.googleapis.com/compute/v1/projects/infra-237719/global/firewalls/allow-mongo-default",
                            "source_ranges.#": "0",
                            "source_service_accounts.#": "0",
                            "source_tags.#": "1",
                            "source_tags.1799682348": "reddit-app",
                            "target_service_accounts.#": "0",
                            "target_tags.#": "1",
                            "target_tags.2920033547": "reddit-db"
                        },
                        "meta": {
                            "e2bfb730-ecaa-11e6-8f88-34363bc7c4c0": {
                                "create": 240000000000,
                                "delete": 240000000000,
                                "update": 240000000000
                            },
                            "schema_version": "1"
                        },
                        "tainted": false
                    },
                    "deposed": [],
                    "provider": "provider.google"
                },
                "google_compute_firewall.firewall_puma": {
                    "type": "google_compute_firewall",
                    "depends_on": [],
                    "primary": {
                        "id": "allow-puma-default",
                        "attributes": {
                            "allow.#": "1",
                            "allow.931060522.ports.#": "1",
                            "allow.931060522.ports.0": "9292",
                            "allow.931060522.protocol": "tcp",
                            "creation_timestamp": "2019-06-18T11:53:57.377-07:00",
                            "deny.#": "0",
                            "description": "",
                            "destination_ranges.#": "0",
                            "direction": "INGRESS",
                            "disabled": "false",
                            "id": "allow-puma-default",
                            "name": "allow-puma-default",
                            "network": "https://www.googleapis.com/compute/v1/projects/infra-237719/global/networks/default",
                            "priority": "1000",
                            "project": "infra-237719",
                            "self_link": "https://www.googleapis.com/compute/v1/projects/infra-237719/global/firewalls/allow-puma-default",
                            "source_ranges.#": "1",
                            "source_ranges.1080289494": "0.0.0.0/0",
                            "source_service_accounts.#": "0",
                            "source_tags.#": "0",
                            "target_service_accounts.#": "0",
                            "target_tags.#": "1",
                            "target_tags.1799682348": "reddit-app"
                        },
                        "meta": {
                            "e2bfb730-ecaa-11e6-8f88-34363bc7c4c0": {
                                "create": 240000000000,
                                "delete": 240000000000,
                                "update": 240000000000
                            },
                            "schema_version": "1"
                        },
                        "tainted": false
                    },
                    "deposed": [],
                    "provider": "provider.google"
                },
                "google_compute_firewall.firewall_ssh": {
                    "type": "google_compute_firewall",
                    "depends_on": [],
                    "primary": {
                        "id": "allow-ssh",
                        "attributes": {
                            "allow.#": "1",
                            "allow.803338340.ports.#": "1",
                            "allow.803338340.ports.0": "22",
                            "allow.803338340.protocol": "tcp",
                            "creation_timestamp": "2019-06-18T11:53:56.800-07:00",
                            "deny.#": "0",
                            "description": "",
                            "destination_ranges.#": "0",
                            "direction": "INGRESS",
                            "disabled": "false",
                            "id": "allow-ssh",
                            "name": "allow-ssh",
                            "network": "https://www.googleapis.com/compute/v1/projects/infra-237719/global/networks/default",
                            "priority": "1000",
                            "project": "infra-237719",
                            "self_link": "https://www.googleapis.com/compute/v1/projects/infra-237719/global/firewalls/allow-ssh",
                            "source_ranges.#": "1",
                            "source_ranges.1778726761": "109.252.52.161/32",
                            "source_service_accounts.#": "0",
                            "source_tags.#": "0",
                            "target_service_accounts.#": "0",
                            "target_tags.#": "2",
                            "target_tags.1799682348": "reddit-app",
                            "target_tags.2920033547": "reddit-db"
                        },
                        "meta": {
                            "e2bfb730-ecaa-11e6-8f88-34363bc7c4c0": {
                                "create": 240000000000,
                                "delete": 240000000000,
                                "update": 240000000000
                            },
                            "schema_version": "1"
                        },
                        "tainted": false
                    },
                    "deposed": [],
                    "provider": "provider.google"
                },
                "google_compute_project_metadata.ssh_keys": {
                    "type": "google_compute_project_metadata",
                    "depends_on": [],
                    "primary": {
                        "id": "infra-237719",
                        "attributes": {
                            "id": "infra-237719",
                            "metadata.%": "1",
                            "metadata.ssh-keys": "appuser1:ssh-rsa AAAAB3NzaC1yc2EAAAADAQABAAABAQDmsvWYHYKPoSFADdbgIEjfG3kgW3vJvZPHNC6Px/U4p+9XYCLQk218RPZl/9UybLu/MUARAQ5iigyOLCIiLl76u+1PQCOoE7uEAcaIo7YdNWt/zKJ1HcQVhUe46JUgH6BcPcAICgDNJMr5hDsv3Wsr5bPc4Lr3wlE3tfuG2lQyvB2ajcJFjUOXMuiUNyb/ubyKGASR3waH2raaFC2+R48yA4Xo/c7PF1hUsuUthcQUegRmcNmqDsVJ6s/khOR+TpmizBItJkKCLaOSVHAhgUQfuUcbMznKqhPNEnZKQyFmNWbpTQJ34PwXHrMhVGVzN/6eTGilltteIQdgdC0x7vk3 appuser@kvaga-VirtualBox\nssh-rsa AAAAB3NzaC1yc2EAAAADAQABAAABAQDmsvWYHYKPoSFADdbgIEjfG3kgW3vJvZPHNC6Px/U4p+9XYCLQk218RPZl/9UybLu/MUARAQ5iigyOLCIiLl76u+1PQCOoE7uEAcaIo7YdNWt/zKJ1HcQVhUe46JUgH6BcPcAICgDNJMr5hDsv3Wsr5bPc4Lr3wlE3tfuG2lQyvB2ajcJFjUOXMuiUNyb/ubyKGASR3waH2raaFC2+R48yA4Xo/c7PF1hUsuUthcQUegRmcNmqDsVJ6s/khOR+TpmizBItJkKCLaOSVHAhgUQfuUcbMznKqhPNEnZKQyFmNWbpTQJ34PwXHrMhVGVzN/6eTGilltteIQdgdC0x7vk3 appuser1@kvaga-VirtualBox\n\n\nappuser2:ssh-rsa AAAAB3NzaC1yc2EAAAADAQABAAABAQDmsvWYHYKPoSFADdbgIEjfG3kgW3vJvZPHNC6Px/U4p+9XYCLQk218RPZl/9UybLu/MUARAQ5iigyOLCIiLl76u+1PQCOoE7uEAcaIo7YdNWt/zKJ1HcQVhUe46JUgH6BcPcAICgDNJMr5hDsv3Wsr5bPc4Lr3wlE3tfuG2lQyvB2ajcJFjUOXMuiUNyb/ubyKGASR3waH2raaFC2+R48yA4Xo/c7PF1hUsuUthcQUegRmcNmqDsVJ6s/khOR+TpmizBItJkKCLaOSVHAhgUQfuUcbMznKqhPNEnZKQyFmNWbpTQJ34PwXHrMhVGVzN/6eTGilltteIQdgdC0x7vk3 appuser@kvaga-VirtualBox\nssh-rsa AAAAB3NzaC1yc2EAAAADAQABAAABAQDmsvWYHYKPoSFADdbgIEjfG3kgW3vJvZPHNC6Px/U4p+9XYCLQk218RPZl/9UybLu/MUARAQ5iigyOLCIiLl76u+1PQCOoE7uEAcaIo7YdNWt/zKJ1HcQVhUe46JUgH6BcPcAICgDNJMr5hDsv3Wsr5bPc4Lr3wlE3tfuG2lQyvB2ajcJFjUOXMuiUNyb/ubyKGASR3waH2raaFC2+R48yA4Xo/c7PF1hUsuUthcQUegRmcNmqDsVJ6s/khOR+TpmizBItJkKCLaOSVHAhgUQfuUcbMznKqhPNEnZKQyFmNWbpTQJ34PwXHrMhVGVzN/6eTGilltteIQdgdC0x7vk3 appuser1@kvaga-VirtualBox\n\n",
                            "project": "infra-237719"
                        },
                        "meta": {},
                        "tainted": false
                    },
                    "deposed": [],
                    "provider": "provider.google"
                }
            },
            "depends_on": []
        }
    ]
}
