{
    "version": 3,
    "terraform_version": "0.11.11",
    "serial": 68,
    "lineage": "548fae26-1824-8564-83f6-dfd0d02f6b5c",
    "modules": [
        {
            "path": [
                "root"
            ],
            "outputs": {
                "app_external_ip": {
                    "sensitive": false,
                    "type": "string",
                    "value": "35.233.102.171"
                },
                "app_external_ip2": {
                    "sensitive": false,
                    "type": "string",
                    "value": "34.76.16.27"
                },
                "lb_external_ip": {
                    "sensitive": false,
                    "type": "string",
                    "value": "34.77.232.88"
                }
            },
            "resources": {
                "google_compute_firewall.firewall_puma": {
                    "type": "google_compute_firewall",
                    "depends_on": [],
                    "primary": {
                        "id": "allow-puma-default",
                        "attributes": {
                            "allow.#": "1",
                            "allow.931060522.ports.#": "1",
                            "allow.931060522.ports.0": "9292",
                            "allow.931060522.protocol": "tcp",
                            "creation_timestamp": "2019-06-09T07:22:11.435-07:00",
                            "deny.#": "0",
                            "description": "",
                            "destination_ranges.#": "0",
                            "direction": "INGRESS",
                            "disabled": "false",
                            "id": "allow-puma-default",
                            "name": "allow-puma-default",
                            "network": "https://www.googleapis.com/compute/v1/projects/infra-237719/global/networks/default",
                            "priority": "1000",
                            "project": "infra-237719",
                            "self_link": "https://www.googleapis.com/compute/v1/projects/infra-237719/global/firewalls/allow-puma-default",
                            "source_ranges.#": "1",
                            "source_ranges.1080289494": "0.0.0.0/0",
                            "source_service_accounts.#": "0",
                            "source_tags.#": "0",
                            "target_service_accounts.#": "0",
                            "target_tags.#": "1",
                            "target_tags.1799682348": "reddit-app"
                        },
                        "meta": {
                            "e2bfb730-ecaa-11e6-8f88-34363bc7c4c0": {
                                "create": 240000000000,
                                "delete": 240000000000,
                                "update": 240000000000
                            },
                            "schema_version": "1"
                        },
                        "tainted": false
                    },
                    "deposed": [],
                    "provider": "provider.google"
                },
                "google_compute_forwarding_rule.loadbalancer": {
                    "type": "google_compute_forwarding_rule",
                    "depends_on": [
                        "google_compute_target_pool.loadbalancer"
                    ],
                    "primary": {
                        "id": "loadbalancer",
                        "attributes": {
                            "backend_service": "",
                            "creation_timestamp": "2019-06-10T11:38:59.520-07:00",
                            "description": "",
                            "id": "loadbalancer",
                            "ip_address": "34.77.232.88",
                            "ip_protocol": "TCP",
                            "ip_version": "",
                            "load_balancing_scheme": "EXTERNAL",
                            "name": "loadbalancer",
                            "network": "",
                            "network_tier": "PREMIUM",
                            "port_range": "9292-9292",
                            "ports.#": "0",
                            "project": "infra-237719",
                            "region": "europe-west1",
                            "self_link": "https://www.googleapis.com/compute/v1/projects/infra-237719/regions/europe-west1/forwardingRules/loadbalancer",
                            "subnetwork": "",
                            "target": "https://www.googleapis.com/compute/v1/projects/infra-237719/regions/europe-west1/targetPools/loadbalancer"
                        },
                        "meta": {
                            "e2bfb730-ecaa-11e6-8f88-34363bc7c4c0": {
                                "create": 240000000000,
                                "delete": 240000000000,
                                "update": 240000000000
                            }
                        },
                        "tainted": false
                    },
                    "deposed": [],
                    "provider": "provider.google"
                },
                "google_compute_http_health_check.default": {
                    "type": "google_compute_http_health_check",
                    "depends_on": [],
                    "primary": {
                        "id": "default",
                        "attributes": {
                            "check_interval_sec": "1",
                            "creation_timestamp": "2019-06-10T10:53:53.488-07:00",
                            "description": "",
                            "healthy_threshold": "2",
                            "host": "",
                            "id": "default",
                            "name": "default",
                            "port": "9292",
                            "project": "infra-237719",
                            "request_path": "/",
                            "self_link": "https://www.googleapis.com/compute/v1/projects/infra-237719/global/httpHealthChecks/default",
                            "timeout_sec": "1",
                            "unhealthy_threshold": "2"
                        },
                        "meta": {
                            "e2bfb730-ecaa-11e6-8f88-34363bc7c4c0": {
                                "create": 240000000000,
                                "delete": 240000000000,
                                "update": 240000000000
                            }
                        },
                        "tainted": false
                    },
                    "deposed": [],
                    "provider": "provider.google"
                },
                "google_compute_instance.app": {
                    "type": "google_compute_instance",
                    "depends_on": [],
                    "primary": {
                        "id": "reddit-app",
                        "attributes": {
                            "attached_disk.#": "0",
                            "boot_disk.#": "1",
                            "boot_disk.0.auto_delete": "true",
                            "boot_disk.0.device_name": "persistent-disk-0",
                            "boot_disk.0.disk_encryption_key_raw": "",
                            "boot_disk.0.disk_encryption_key_sha256": "",
                            "boot_disk.0.initialize_params.#": "1",
                            "boot_disk.0.initialize_params.0.image": "https://www.googleapis.com/compute/v1/projects/infra-237719/global/images/reddit-base-1559673822",
                            "boot_disk.0.initialize_params.0.size": "15",
                            "boot_disk.0.initialize_params.0.type": "pd-standard",
                            "boot_disk.0.source": "https://www.googleapis.com/compute/v1/projects/infra-237719/zones/europe-west1-b/disks/reddit-app",
                            "can_ip_forward": "false",
                            "cpu_platform": "Intel Haswell",
                            "deletion_protection": "false",
                            "guest_accelerator.#": "0",
                            "hostname": "",
                            "id": "reddit-app",
                            "instance_id": "8107078260370479769",
                            "label_fingerprint": "42WmSpB8rSM=",
                            "labels.%": "0",
                            "machine_type": "g1-small",
                            "metadata.%": "1",
                            "metadata.ssh-keys": "appuser:ssh-rsa AAAAB3NzaC1yc2EAAAADAQABAAABAQDmsvWYHYKPoSFADdbgIEjfG3kgW3vJvZPHNC6Px/U4p+9XYCLQk218RPZl/9UybLu/MUARAQ5iigyOLCIiLl76u+1PQCOoE7uEAcaIo7YdNWt/zKJ1HcQVhUe46JUgH6BcPcAICgDNJMr5hDsv3Wsr5bPc4Lr3wlE3tfuG2lQyvB2ajcJFjUOXMuiUNyb/ubyKGASR3waH2raaFC2+R48yA4Xo/c7PF1hUsuUthcQUegRmcNmqDsVJ6s/khOR+TpmizBItJkKCLaOSVHAhgUQfuUcbMznKqhPNEnZKQyFmNWbpTQJ34PwXHrMhVGVzN/6eTGilltteIQdgdC0x7vk3 appuser@kvaga-VirtualBox\nssh-rsa AAAAB3NzaC1yc2EAAAADAQABAAABAQDmsvWYHYKPoSFADdbgIEjfG3kgW3vJvZPHNC6Px/U4p+9XYCLQk218RPZl/9UybLu/MUARAQ5iigyOLCIiLl76u+1PQCOoE7uEAcaIo7YdNWt/zKJ1HcQVhUe46JUgH6BcPcAICgDNJMr5hDsv3Wsr5bPc4Lr3wlE3tfuG2lQyvB2ajcJFjUOXMuiUNyb/ubyKGASR3waH2raaFC2+R48yA4Xo/c7PF1hUsuUthcQUegRmcNmqDsVJ6s/khOR+TpmizBItJkKCLaOSVHAhgUQfuUcbMznKqhPNEnZKQyFmNWbpTQJ34PwXHrMhVGVzN/6eTGilltteIQdgdC0x7vk3 appuser1@kvaga-VirtualBox\n\n",
                            "metadata_fingerprint": "X-jryqX4lzU=",
                            "metadata_startup_script": "",
                            "min_cpu_platform": "",
                            "name": "reddit-app",
                            "network_interface.#": "1",
                            "network_interface.0.access_config.#": "1",
                            "network_interface.0.access_config.0.assigned_nat_ip": "",
                            "network_interface.0.access_config.0.nat_ip": "35.233.102.171",
                            "network_interface.0.access_config.0.network_tier": "PREMIUM",
                            "network_interface.0.access_config.0.public_ptr_domain_name": "",
                            "network_interface.0.address": "",
                            "network_interface.0.alias_ip_range.#": "0",
                            "network_interface.0.name": "nic0",
                            "network_interface.0.network": "https://www.googleapis.com/compute/v1/projects/infra-237719/global/networks/default",
                            "network_interface.0.network_ip": "10.132.15.197",
                            "network_interface.0.subnetwork": "https://www.googleapis.com/compute/v1/projects/infra-237719/regions/europe-west1/subnetworks/default",
                            "network_interface.0.subnetwork_project": "infra-237719",
                            "project": "infra-237719",
                            "scheduling.#": "1",
                            "scheduling.0.automatic_restart": "true",
                            "scheduling.0.on_host_maintenance": "MIGRATE",
                            "scheduling.0.preemptible": "false",
                            "scratch_disk.#": "0",
                            "self_link": "https://www.googleapis.com/compute/v1/projects/infra-237719/zones/europe-west1-b/instances/reddit-app",
                            "service_account.#": "0",
                            "tags.#": "1",
                            "tags.1799682348": "reddit-app",
                            "tags_fingerprint": "M-ggixIz-AU=",
                            "zone": "europe-west1-b"
                        },
                        "meta": {
                            "e2bfb730-ecaa-11e6-8f88-34363bc7c4c0": {
                                "create": 360000000000,
                                "delete": 360000000000,
                                "update": 360000000000
                            },
                            "schema_version": "6"
                        },
                        "tainted": false
                    },
                    "deposed": [],
                    "provider": "provider.google"
                },
                "google_compute_instance.app2": {
                    "type": "google_compute_instance",
                    "depends_on": [],
                    "primary": {
                        "id": "reddit-app2",
                        "attributes": {
                            "attached_disk.#": "0",
                            "boot_disk.#": "1",
                            "boot_disk.0.auto_delete": "true",
                            "boot_disk.0.device_name": "persistent-disk-0",
                            "boot_disk.0.disk_encryption_key_raw": "",
                            "boot_disk.0.disk_encryption_key_sha256": "",
                            "boot_disk.0.initialize_params.#": "1",
                            "boot_disk.0.initialize_params.0.image": "https://www.googleapis.com/compute/v1/projects/infra-237719/global/images/reddit-base-1559673822",
                            "boot_disk.0.initialize_params.0.size": "15",
                            "boot_disk.0.initialize_params.0.type": "pd-standard",
                            "boot_disk.0.source": "https://www.googleapis.com/compute/v1/projects/infra-237719/zones/europe-west1-b/disks/reddit-app2",
                            "can_ip_forward": "false",
                            "cpu_platform": "Intel Haswell",
                            "deletion_protection": "false",
                            "guest_accelerator.#": "0",
                            "hostname": "",
                            "id": "reddit-app2",
                            "instance_id": "3532956249229560929",
                            "label_fingerprint": "42WmSpB8rSM=",
                            "labels.%": "0",
                            "machine_type": "g1-small",
                            "metadata.%": "1",
                            "metadata.ssh-keys": "appuser:ssh-rsa AAAAB3NzaC1yc2EAAAADAQABAAABAQDmsvWYHYKPoSFADdbgIEjfG3kgW3vJvZPHNC6Px/U4p+9XYCLQk218RPZl/9UybLu/MUARAQ5iigyOLCIiLl76u+1PQCOoE7uEAcaIo7YdNWt/zKJ1HcQVhUe46JUgH6BcPcAICgDNJMr5hDsv3Wsr5bPc4Lr3wlE3tfuG2lQyvB2ajcJFjUOXMuiUNyb/ubyKGASR3waH2raaFC2+R48yA4Xo/c7PF1hUsuUthcQUegRmcNmqDsVJ6s/khOR+TpmizBItJkKCLaOSVHAhgUQfuUcbMznKqhPNEnZKQyFmNWbpTQJ34PwXHrMhVGVzN/6eTGilltteIQdgdC0x7vk3 appuser@kvaga-VirtualBox\nssh-rsa AAAAB3NzaC1yc2EAAAADAQABAAABAQDmsvWYHYKPoSFADdbgIEjfG3kgW3vJvZPHNC6Px/U4p+9XYCLQk218RPZl/9UybLu/MUARAQ5iigyOLCIiLl76u+1PQCOoE7uEAcaIo7YdNWt/zKJ1HcQVhUe46JUgH6BcPcAICgDNJMr5hDsv3Wsr5bPc4Lr3wlE3tfuG2lQyvB2ajcJFjUOXMuiUNyb/ubyKGASR3waH2raaFC2+R48yA4Xo/c7PF1hUsuUthcQUegRmcNmqDsVJ6s/khOR+TpmizBItJkKCLaOSVHAhgUQfuUcbMznKqhPNEnZKQyFmNWbpTQJ34PwXHrMhVGVzN/6eTGilltteIQdgdC0x7vk3 appuser1@kvaga-VirtualBox\n\n",
                            "metadata_fingerprint": "X-jryqX4lzU=",
                            "metadata_startup_script": "",
                            "min_cpu_platform": "",
                            "name": "reddit-app2",
                            "network_interface.#": "1",
                            "network_interface.0.access_config.#": "1",
                            "network_interface.0.access_config.0.assigned_nat_ip": "",
                            "network_interface.0.access_config.0.nat_ip": "34.76.16.27",
                            "network_interface.0.access_config.0.network_tier": "PREMIUM",
                            "network_interface.0.access_config.0.public_ptr_domain_name": "",
                            "network_interface.0.address": "",
                            "network_interface.0.alias_ip_range.#": "0",
                            "network_interface.0.name": "nic0",
                            "network_interface.0.network": "https://www.googleapis.com/compute/v1/projects/infra-237719/global/networks/default",
                            "network_interface.0.network_ip": "10.132.15.193",
                            "network_interface.0.subnetwork": "https://www.googleapis.com/compute/v1/projects/infra-237719/regions/europe-west1/subnetworks/default",
                            "network_interface.0.subnetwork_project": "infra-237719",
                            "project": "infra-237719",
                            "scheduling.#": "1",
                            "scheduling.0.automatic_restart": "true",
                            "scheduling.0.on_host_maintenance": "MIGRATE",
                            "scheduling.0.preemptible": "false",
                            "scratch_disk.#": "0",
                            "self_link": "https://www.googleapis.com/compute/v1/projects/infra-237719/zones/europe-west1-b/instances/reddit-app2",
                            "service_account.#": "0",
                            "tags.#": "1",
                            "tags.1799682348": "reddit-app",
                            "tags_fingerprint": "M-ggixIz-AU=",
                            "zone": "europe-west1-b"
                        },
                        "meta": {
                            "e2bfb730-ecaa-11e6-8f88-34363bc7c4c0": {
                                "create": 360000000000,
                                "delete": 360000000000,
                                "update": 360000000000
                            },
                            "schema_version": "6"
                        },
                        "tainted": false
                    },
                    "deposed": [],
                    "provider": "provider.google"
                },
                "google_compute_project_metadata.ssh_keys": {
                    "type": "google_compute_project_metadata",
                    "depends_on": [],
                    "primary": {
                        "id": "infra-237719",
                        "attributes": {
                            "id": "infra-237719",
                            "metadata.%": "1",
                            "metadata.ssh-keys": "appuser1:ssh-rsa AAAAB3NzaC1yc2EAAAADAQABAAABAQDmsvWYHYKPoSFADdbgIEjfG3kgW3vJvZPHNC6Px/U4p+9XYCLQk218RPZl/9UybLu/MUARAQ5iigyOLCIiLl76u+1PQCOoE7uEAcaIo7YdNWt/zKJ1HcQVhUe46JUgH6BcPcAICgDNJMr5hDsv3Wsr5bPc4Lr3wlE3tfuG2lQyvB2ajcJFjUOXMuiUNyb/ubyKGASR3waH2raaFC2+R48yA4Xo/c7PF1hUsuUthcQUegRmcNmqDsVJ6s/khOR+TpmizBItJkKCLaOSVHAhgUQfuUcbMznKqhPNEnZKQyFmNWbpTQJ34PwXHrMhVGVzN/6eTGilltteIQdgdC0x7vk3 appuser@kvaga-VirtualBox\nssh-rsa AAAAB3NzaC1yc2EAAAADAQABAAABAQDmsvWYHYKPoSFADdbgIEjfG3kgW3vJvZPHNC6Px/U4p+9XYCLQk218RPZl/9UybLu/MUARAQ5iigyOLCIiLl76u+1PQCOoE7uEAcaIo7YdNWt/zKJ1HcQVhUe46JUgH6BcPcAICgDNJMr5hDsv3Wsr5bPc4Lr3wlE3tfuG2lQyvB2ajcJFjUOXMuiUNyb/ubyKGASR3waH2raaFC2+R48yA4Xo/c7PF1hUsuUthcQUegRmcNmqDsVJ6s/khOR+TpmizBItJkKCLaOSVHAhgUQfuUcbMznKqhPNEnZKQyFmNWbpTQJ34PwXHrMhVGVzN/6eTGilltteIQdgdC0x7vk3 appuser1@kvaga-VirtualBox\n\n\nappuser2:ssh-rsa AAAAB3NzaC1yc2EAAAADAQABAAABAQDmsvWYHYKPoSFADdbgIEjfG3kgW3vJvZPHNC6Px/U4p+9XYCLQk218RPZl/9UybLu/MUARAQ5iigyOLCIiLl76u+1PQCOoE7uEAcaIo7YdNWt/zKJ1HcQVhUe46JUgH6BcPcAICgDNJMr5hDsv3Wsr5bPc4Lr3wlE3tfuG2lQyvB2ajcJFjUOXMuiUNyb/ubyKGASR3waH2raaFC2+R48yA4Xo/c7PF1hUsuUthcQUegRmcNmqDsVJ6s/khOR+TpmizBItJkKCLaOSVHAhgUQfuUcbMznKqhPNEnZKQyFmNWbpTQJ34PwXHrMhVGVzN/6eTGilltteIQdgdC0x7vk3 appuser@kvaga-VirtualBox\nssh-rsa AAAAB3NzaC1yc2EAAAADAQABAAABAQDmsvWYHYKPoSFADdbgIEjfG3kgW3vJvZPHNC6Px/U4p+9XYCLQk218RPZl/9UybLu/MUARAQ5iigyOLCIiLl76u+1PQCOoE7uEAcaIo7YdNWt/zKJ1HcQVhUe46JUgH6BcPcAICgDNJMr5hDsv3Wsr5bPc4Lr3wlE3tfuG2lQyvB2ajcJFjUOXMuiUNyb/ubyKGASR3waH2raaFC2+R48yA4Xo/c7PF1hUsuUthcQUegRmcNmqDsVJ6s/khOR+TpmizBItJkKCLaOSVHAhgUQfuUcbMznKqhPNEnZKQyFmNWbpTQJ34PwXHrMhVGVzN/6eTGilltteIQdgdC0x7vk3 appuser1@kvaga-VirtualBox\n\n",
                            "project": "infra-237719"
                        },
                        "meta": {},
                        "tainted": false
                    },
                    "deposed": [],
                    "provider": "provider.google"
                },
                "google_compute_target_pool.loadbalancer": {
                    "type": "google_compute_target_pool",
                    "depends_on": [
                        "google_compute_http_health_check.default"
                    ],
                    "primary": {
                        "id": "loadbalancer",
                        "attributes": {
                            "backup_pool": "",
                            "description": "",
                            "failover_ratio": "0",
                            "health_checks.#": "1",
                            "health_checks.0": "https://www.googleapis.com/compute/v1/projects/infra-237719/global/httpHealthChecks/default",
                            "id": "loadbalancer",
                            "instances.#": "2",
                            "instances.3341671707": "europe-west1-b/reddit-app2",
                            "instances.4112506735": "europe-west1-b/reddit-app",
                            "name": "loadbalancer",
                            "project": "infra-237719",
                            "region": "europe-west1",
                            "self_link": "https://www.googleapis.com/compute/v1/projects/infra-237719/regions/europe-west1/targetPools/loadbalancer",
                            "session_affinity": "NONE"
                        },
                        "meta": {},
                        "tainted": false
                    },
                    "deposed": [],
                    "provider": "provider.google"
                }
            },
            "depends_on": []
        }
    ]
}
